// !$*UTF8*$!
{
	archiveVersion = 1;
	classes = {
	};
	objectVersion = 50;
	objects = {

/* Begin PBXBuildFile section */
		4C3B16917AD899576321F4D0 /* Pods_flixsterTests.framework in Frameworks */ = {isa = PBXBuildFile; fileRef = 5A1800086C48BF5C010B0AF1 /* Pods_flixsterTests.framework */; };
		729CD885B1E140508F7E8180 /* Pods_flixster.framework in Frameworks */ = {isa = PBXBuildFile; fileRef = 252655AFC77166CAE9C247ED /* Pods_flixster.framework */; };
		942B91C9D93AA779F8914C52 /* Pods_flixster_flixsterUITests.framework in Frameworks */ = {isa = PBXBuildFile; fileRef = E54FD4D50459A5B92102ACC4 /* Pods_flixster_flixsterUITests.framework */; };
		A6BFD76425C8D33B00D22759 /* AppDelegate.swift in Sources */ = {isa = PBXBuildFile; fileRef = A6BFD76325C8D33B00D22759 /* AppDelegate.swift */; };
		A6BFD76625C8D33B00D22759 /* SceneDelegate.swift in Sources */ = {isa = PBXBuildFile; fileRef = A6BFD76525C8D33B00D22759 /* SceneDelegate.swift */; };
		A6BFD76B25C8D33B00D22759 /* Main.storyboard in Resources */ = {isa = PBXBuildFile; fileRef = A6BFD76925C8D33B00D22759 /* Main.storyboard */; };
		A6BFD76D25C8D33F00D22759 /* Assets.xcassets in Resources */ = {isa = PBXBuildFile; fileRef = A6BFD76C25C8D33F00D22759 /* Assets.xcassets */; };
		A6BFD77025C8D33F00D22759 /* LaunchScreen.storyboard in Resources */ = {isa = PBXBuildFile; fileRef = A6BFD76E25C8D33F00D22759 /* LaunchScreen.storyboard */; };
		A6BFD77B25C8D34000D22759 /* flixsterTests.swift in Sources */ = {isa = PBXBuildFile; fileRef = A6BFD77A25C8D34000D22759 /* flixsterTests.swift */; };
		A6BFD78625C8D34000D22759 /* flixsterUITests.swift in Sources */ = {isa = PBXBuildFile; fileRef = A6BFD78525C8D34000D22759 /* flixsterUITests.swift */; };
		A6BFD79A25C8D42500D22759 /* MoviesViewController.swift in Sources */ = {isa = PBXBuildFile; fileRef = A6BFD79925C8D42500D22759 /* MoviesViewController.swift */; };
		A6BFD79F25C8E01600D22759 /* MovieCell.swift in Sources */ = {isa = PBXBuildFile; fileRef = A6BFD79E25C8E01600D22759 /* MovieCell.swift */; };
/* End PBXBuildFile section */

/* Begin PBXContainerItemProxy section */
		A6BFD77725C8D34000D22759 /* PBXContainerItemProxy */ = {
			isa = PBXContainerItemProxy;
			containerPortal = A6BFD75825C8D33B00D22759 /* Project object */;
			proxyType = 1;
			remoteGlobalIDString = A6BFD75F25C8D33B00D22759;
			remoteInfo = flixster;
		};
		A6BFD78225C8D34000D22759 /* PBXContainerItemProxy */ = {
			isa = PBXContainerItemProxy;
			containerPortal = A6BFD75825C8D33B00D22759 /* Project object */;
			proxyType = 1;
			remoteGlobalIDString = A6BFD75F25C8D33B00D22759;
			remoteInfo = flixster;
		};
/* End PBXContainerItemProxy section */

/* Begin PBXFileReference section */
		0F166E81F096C33B3CD6699E /* Pods-flixsterTests.debug.xcconfig */ = {isa = PBXFileReference; includeInIndex = 1; lastKnownFileType = text.xcconfig; name = "Pods-flixsterTests.debug.xcconfig"; path = "Target Support Files/Pods-flixsterTests/Pods-flixsterTests.debug.xcconfig"; sourceTree = "<group>"; };
		252655AFC77166CAE9C247ED /* Pods_flixster.framework */ = {isa = PBXFileReference; explicitFileType = wrapper.framework; includeInIndex = 0; path = Pods_flixster.framework; sourceTree = BUILT_PRODUCTS_DIR; };
		3CC9CD6D7675003CCE4823D9 /* Pods-flixster.release.xcconfig */ = {isa = PBXFileReference; includeInIndex = 1; lastKnownFileType = text.xcconfig; name = "Pods-flixster.release.xcconfig"; path = "Target Support Files/Pods-flixster/Pods-flixster.release.xcconfig"; sourceTree = "<group>"; };
		5A1800086C48BF5C010B0AF1 /* Pods_flixsterTests.framework */ = {isa = PBXFileReference; explicitFileType = wrapper.framework; includeInIndex = 0; path = Pods_flixsterTests.framework; sourceTree = BUILT_PRODUCTS_DIR; };
		889935FC7BF379A308048C88 /* Pods-flixsterTests.release.xcconfig */ = {isa = PBXFileReference; includeInIndex = 1; lastKnownFileType = text.xcconfig; name = "Pods-flixsterTests.release.xcconfig"; path = "Target Support Files/Pods-flixsterTests/Pods-flixsterTests.release.xcconfig"; sourceTree = "<group>"; };
		A6BFD76025C8D33B00D22759 /* flixster.app */ = {isa = PBXFileReference; explicitFileType = wrapper.application; includeInIndex = 0; path = flixster.app; sourceTree = BUILT_PRODUCTS_DIR; };
		A6BFD76325C8D33B00D22759 /* AppDelegate.swift */ = {isa = PBXFileReference; lastKnownFileType = sourcecode.swift; path = AppDelegate.swift; sourceTree = "<group>"; };
		A6BFD76525C8D33B00D22759 /* SceneDelegate.swift */ = {isa = PBXFileReference; lastKnownFileType = sourcecode.swift; path = SceneDelegate.swift; sourceTree = "<group>"; };
		A6BFD76A25C8D33B00D22759 /* Base */ = {isa = PBXFileReference; lastKnownFileType = file.storyboard; name = Base; path = Base.lproj/Main.storyboard; sourceTree = "<group>"; };
		A6BFD76C25C8D33F00D22759 /* Assets.xcassets */ = {isa = PBXFileReference; lastKnownFileType = folder.assetcatalog; path = Assets.xcassets; sourceTree = "<group>"; };
		A6BFD76F25C8D33F00D22759 /* Base */ = {isa = PBXFileReference; lastKnownFileType = file.storyboard; name = Base; path = Base.lproj/LaunchScreen.storyboard; sourceTree = "<group>"; };
		A6BFD77125C8D33F00D22759 /* Info.plist */ = {isa = PBXFileReference; lastKnownFileType = text.plist.xml; path = Info.plist; sourceTree = "<group>"; };
		A6BFD77625C8D34000D22759 /* flixsterTests.xctest */ = {isa = PBXFileReference; explicitFileType = wrapper.cfbundle; includeInIndex = 0; path = flixsterTests.xctest; sourceTree = BUILT_PRODUCTS_DIR; };
		A6BFD77A25C8D34000D22759 /* flixsterTests.swift */ = {isa = PBXFileReference; lastKnownFileType = sourcecode.swift; path = flixsterTests.swift; sourceTree = "<group>"; };
		A6BFD77C25C8D34000D22759 /* Info.plist */ = {isa = PBXFileReference; lastKnownFileType = text.plist.xml; path = Info.plist; sourceTree = "<group>"; };
		A6BFD78125C8D34000D22759 /* flixsterUITests.xctest */ = {isa = PBXFileReference; explicitFileType = wrapper.cfbundle; includeInIndex = 0; path = flixsterUITests.xctest; sourceTree = BUILT_PRODUCTS_DIR; };
		A6BFD78525C8D34000D22759 /* flixsterUITests.swift */ = {isa = PBXFileReference; lastKnownFileType = sourcecode.swift; path = flixsterUITests.swift; sourceTree = "<group>"; };
		A6BFD78725C8D34000D22759 /* Info.plist */ = {isa = PBXFileReference; lastKnownFileType = text.plist.xml; path = Info.plist; sourceTree = "<group>"; };
		A6BFD79925C8D42500D22759 /* MoviesViewController.swift */ = {isa = PBXFileReference; lastKnownFileType = sourcecode.swift; path = MoviesViewController.swift; sourceTree = "<group>"; };
		A6BFD79E25C8E01600D22759 /* MovieCell.swift */ = {isa = PBXFileReference; lastKnownFileType = sourcecode.swift; path = MovieCell.swift; sourceTree = "<group>"; };
		AB71ADAECA54C8F9EE3044FC /* Pods-flixster-flixsterUITests.release.xcconfig */ = {isa = PBXFileReference; includeInIndex = 1; lastKnownFileType = text.xcconfig; name = "Pods-flixster-flixsterUITests.release.xcconfig"; path = "Target Support Files/Pods-flixster-flixsterUITests/Pods-flixster-flixsterUITests.release.xcconfig"; sourceTree = "<group>"; };
		E54FD4D50459A5B92102ACC4 /* Pods_flixster_flixsterUITests.framework */ = {isa = PBXFileReference; explicitFileType = wrapper.framework; includeInIndex = 0; path = Pods_flixster_flixsterUITests.framework; sourceTree = BUILT_PRODUCTS_DIR; };
		E617C16E40BDB97C8077F2F7 /* Pods-flixster.debug.xcconfig */ = {isa = PBXFileReference; includeInIndex = 1; lastKnownFileType = text.xcconfig; name = "Pods-flixster.debug.xcconfig"; path = "Target Support Files/Pods-flixster/Pods-flixster.debug.xcconfig"; sourceTree = "<group>"; };
		E9CFC15F2E326876CD0CC408 /* Pods-flixster-flixsterUITests.debug.xcconfig */ = {isa = PBXFileReference; includeInIndex = 1; lastKnownFileType = text.xcconfig; name = "Pods-flixster-flixsterUITests.debug.xcconfig"; path = "Target Support Files/Pods-flixster-flixsterUITests/Pods-flixster-flixsterUITests.debug.xcconfig"; sourceTree = "<group>"; };
/* End PBXFileReference section */

/* Begin PBXFrameworksBuildPhase section */
		A6BFD75D25C8D33B00D22759 /* Frameworks */ = {
			isa = PBXFrameworksBuildPhase;
			buildActionMask = 2147483647;
			files = (
				729CD885B1E140508F7E8180 /* Pods_flixster.framework in Frameworks */,
			);
			runOnlyForDeploymentPostprocessing = 0;
		};
		A6BFD77325C8D34000D22759 /* Frameworks */ = {
			isa = PBXFrameworksBuildPhase;
			buildActionMask = 2147483647;
			files = (
				4C3B16917AD899576321F4D0 /* Pods_flixsterTests.framework in Frameworks */,
			);
			runOnlyForDeploymentPostprocessing = 0;
		};
		A6BFD77E25C8D34000D22759 /* Frameworks */ = {
			isa = PBXFrameworksBuildPhase;
			buildActionMask = 2147483647;
			files = (
				942B91C9D93AA779F8914C52 /* Pods_flixster_flixsterUITests.framework in Frameworks */,
			);
			runOnlyForDeploymentPostprocessing = 0;
		};
/* End PBXFrameworksBuildPhase section */

/* Begin PBXGroup section */
		5451028131E7D8C101CBAEF0 /* Frameworks */ = {
			isa = PBXGroup;
			children = (
				252655AFC77166CAE9C247ED /* Pods_flixster.framework */,
				E54FD4D50459A5B92102ACC4 /* Pods_flixster_flixsterUITests.framework */,
				5A1800086C48BF5C010B0AF1 /* Pods_flixsterTests.framework */,
			);
			name = Frameworks;
			sourceTree = "<group>";
		};
		778F2920D8FF52A448D8C7CE /* Pods */ = {
			isa = PBXGroup;
			children = (
				E617C16E40BDB97C8077F2F7 /* Pods-flixster.debug.xcconfig */,
				3CC9CD6D7675003CCE4823D9 /* Pods-flixster.release.xcconfig */,
				E9CFC15F2E326876CD0CC408 /* Pods-flixster-flixsterUITests.debug.xcconfig */,
				AB71ADAECA54C8F9EE3044FC /* Pods-flixster-flixsterUITests.release.xcconfig */,
				0F166E81F096C33B3CD6699E /* Pods-flixsterTests.debug.xcconfig */,
				889935FC7BF379A308048C88 /* Pods-flixsterTests.release.xcconfig */,
			);
			name = Pods;
			path = Pods;
			sourceTree = "<group>";
		};
		A6BFD75725C8D33B00D22759 = {
			isa = PBXGroup;
			children = (
				A6BFD76225C8D33B00D22759 /* flixster */,
				A6BFD77925C8D34000D22759 /* flixsterTests */,
				A6BFD78425C8D34000D22759 /* flixsterUITests */,
				A6BFD76125C8D33B00D22759 /* Products */,
				778F2920D8FF52A448D8C7CE /* Pods */,
				5451028131E7D8C101CBAEF0 /* Frameworks */,
			);
			sourceTree = "<group>";
		};
		A6BFD76125C8D33B00D22759 /* Products */ = {
			isa = PBXGroup;
			children = (
				A6BFD76025C8D33B00D22759 /* flixster.app */,
				A6BFD77625C8D34000D22759 /* flixsterTests.xctest */,
				A6BFD78125C8D34000D22759 /* flixsterUITests.xctest */,
			);
			name = Products;
			sourceTree = "<group>";
		};
		A6BFD76225C8D33B00D22759 /* flixster */ = {
			isa = PBXGroup;
			children = (
				A6BFD76325C8D33B00D22759 /* AppDelegate.swift */,
				A6BFD76525C8D33B00D22759 /* SceneDelegate.swift */,
				A6BFD76925C8D33B00D22759 /* Main.storyboard */,
				A6BFD79E25C8E01600D22759 /* MovieCell.swift */,
				A6BFD76C25C8D33F00D22759 /* Assets.xcassets */,
				A6BFD76E25C8D33F00D22759 /* LaunchScreen.storyboard */,
				A6BFD77125C8D33F00D22759 /* Info.plist */,
				A6BFD79925C8D42500D22759 /* MoviesViewController.swift */,
			);
			path = flixster;
			sourceTree = "<group>";
		};
		A6BFD77925C8D34000D22759 /* flixsterTests */ = {
			isa = PBXGroup;
			children = (
				A6BFD77A25C8D34000D22759 /* flixsterTests.swift */,
				A6BFD77C25C8D34000D22759 /* Info.plist */,
			);
			path = flixsterTests;
			sourceTree = "<group>";
		};
		A6BFD78425C8D34000D22759 /* flixsterUITests */ = {
			isa = PBXGroup;
			children = (
				A6BFD78525C8D34000D22759 /* flixsterUITests.swift */,
				A6BFD78725C8D34000D22759 /* Info.plist */,
			);
			path = flixsterUITests;
			sourceTree = "<group>";
		};
/* End PBXGroup section */

/* Begin PBXNativeTarget section */
		A6BFD75F25C8D33B00D22759 /* flixster */ = {
			isa = PBXNativeTarget;
			buildConfigurationList = A6BFD78A25C8D34000D22759 /* Build configuration list for PBXNativeTarget "flixster" */;
			buildPhases = (
				069864788663A450E503F89C /* [CP] Check Pods Manifest.lock */,
				A6BFD75C25C8D33B00D22759 /* Sources */,
				A6BFD75D25C8D33B00D22759 /* Frameworks */,
				A6BFD75E25C8D33B00D22759 /* Resources */,
				A8C34270EB297D9D0D616E68 /* [CP] Embed Pods Frameworks */,
			);
			buildRules = (
			);
			dependencies = (
			);
			name = flixster;
			productName = flixster;
			productReference = A6BFD76025C8D33B00D22759 /* flixster.app */;
			productType = "com.apple.product-type.application";
		};
		A6BFD77525C8D34000D22759 /* flixsterTests */ = {
			isa = PBXNativeTarget;
			buildConfigurationList = A6BFD78D25C8D34000D22759 /* Build configuration list for PBXNativeTarget "flixsterTests" */;
			buildPhases = (
				D5947C18A0D956B56DD4A4B2 /* [CP] Check Pods Manifest.lock */,
				A6BFD77225C8D34000D22759 /* Sources */,
				A6BFD77325C8D34000D22759 /* Frameworks */,
				A6BFD77425C8D34000D22759 /* Resources */,
			);
			buildRules = (
			);
			dependencies = (
				A6BFD77825C8D34000D22759 /* PBXTargetDependency */,
			);
			name = flixsterTests;
			productName = flixsterTests;
			productReference = A6BFD77625C8D34000D22759 /* flixsterTests.xctest */;
			productType = "com.apple.product-type.bundle.unit-test";
		};
		A6BFD78025C8D34000D22759 /* flixsterUITests */ = {
			isa = PBXNativeTarget;
			buildConfigurationList = A6BFD79025C8D34000D22759 /* Build configuration list for PBXNativeTarget "flixsterUITests" */;
			buildPhases = (
				042565E52BA72483B2460F2D /* [CP] Check Pods Manifest.lock */,
				A6BFD77D25C8D34000D22759 /* Sources */,
				A6BFD77E25C8D34000D22759 /* Frameworks */,
				A6BFD77F25C8D34000D22759 /* Resources */,
				E35205D72C8981BF5BC0C90C /* [CP] Embed Pods Frameworks */,
			);
			buildRules = (
			);
			dependencies = (
				A6BFD78325C8D34000D22759 /* PBXTargetDependency */,
			);
			name = flixsterUITests;
			productName = flixsterUITests;
			productReference = A6BFD78125C8D34000D22759 /* flixsterUITests.xctest */;
			productType = "com.apple.product-type.bundle.ui-testing";
		};
/* End PBXNativeTarget section */

/* Begin PBXProject section */
		A6BFD75825C8D33B00D22759 /* Project object */ = {
			isa = PBXProject;
			attributes = {
				LastSwiftUpdateCheck = 1230;
				LastUpgradeCheck = 1230;
				TargetAttributes = {
					A6BFD75F25C8D33B00D22759 = {
						CreatedOnToolsVersion = 12.3;
					};
					A6BFD77525C8D34000D22759 = {
						CreatedOnToolsVersion = 12.3;
						TestTargetID = A6BFD75F25C8D33B00D22759;
					};
					A6BFD78025C8D34000D22759 = {
						CreatedOnToolsVersion = 12.3;
						TestTargetID = A6BFD75F25C8D33B00D22759;
					};
				};
			};
			buildConfigurationList = A6BFD75B25C8D33B00D22759 /* Build configuration list for PBXProject "flixster" */;
			compatibilityVersion = "Xcode 9.3";
			developmentRegion = en;
			hasScannedForEncodings = 0;
			knownRegions = (
				en,
				Base,
			);
			mainGroup = A6BFD75725C8D33B00D22759;
			productRefGroup = A6BFD76125C8D33B00D22759 /* Products */;
			projectDirPath = "";
			projectRoot = "";
			targets = (
				A6BFD75F25C8D33B00D22759 /* flixster */,
				A6BFD77525C8D34000D22759 /* flixsterTests */,
				A6BFD78025C8D34000D22759 /* flixsterUITests */,
			);
		};
/* End PBXProject section */

/* Begin PBXResourcesBuildPhase section */
		A6BFD75E25C8D33B00D22759 /* Resources */ = {
			isa = PBXResourcesBuildPhase;
			buildActionMask = 2147483647;
			files = (
				A6BFD77025C8D33F00D22759 /* LaunchScreen.storyboard in Resources */,
				A6BFD76D25C8D33F00D22759 /* Assets.xcassets in Resources */,
				A6BFD76B25C8D33B00D22759 /* Main.storyboard in Resources */,
			);
			runOnlyForDeploymentPostprocessing = 0;
		};
		A6BFD77425C8D34000D22759 /* Resources */ = {
			isa = PBXResourcesBuildPhase;
			buildActionMask = 2147483647;
			files = (
			);
			runOnlyForDeploymentPostprocessing = 0;
		};
		A6BFD77F25C8D34000D22759 /* Resources */ = {
			isa = PBXResourcesBuildPhase;
			buildActionMask = 2147483647;
			files = (
			);
			runOnlyForDeploymentPostprocessing = 0;
		};
/* End PBXResourcesBuildPhase section */

/* Begin PBXShellScriptBuildPhase section */
		042565E52BA72483B2460F2D /* [CP] Check Pods Manifest.lock */ = {
			isa = PBXShellScriptBuildPhase;
			buildActionMask = 2147483647;
			files = (
			);
			inputFileListPaths = (
			);
			inputPaths = (
				"${PODS_PODFILE_DIR_PATH}/Podfile.lock",
				"${PODS_ROOT}/Manifest.lock",
			);
			name = "[CP] Check Pods Manifest.lock";
			outputFileListPaths = (
			);
			outputPaths = (
				"$(DERIVED_FILE_DIR)/Pods-flixster-flixsterUITests-checkManifestLockResult.txt",
			);
			runOnlyForDeploymentPostprocessing = 0;
			shellPath = /bin/sh;
			shellScript = "diff \"${PODS_PODFILE_DIR_PATH}/Podfile.lock\" \"${PODS_ROOT}/Manifest.lock\" > /dev/null\nif [ $? != 0 ] ; then\n    # print error to STDERR\n    echo \"error: The sandbox is not in sync with the Podfile.lock. Run 'pod install' or update your CocoaPods installation.\" >&2\n    exit 1\nfi\n# This output is used by Xcode 'outputs' to avoid re-running this script phase.\necho \"SUCCESS\" > \"${SCRIPT_OUTPUT_FILE_0}\"\n";
			showEnvVarsInLog = 0;
		};
		069864788663A450E503F89C /* [CP] Check Pods Manifest.lock */ = {
			isa = PBXShellScriptBuildPhase;
			buildActionMask = 2147483647;
			files = (
			);
			inputFileListPaths = (
			);
			inputPaths = (
				"${PODS_PODFILE_DIR_PATH}/Podfile.lock",
				"${PODS_ROOT}/Manifest.lock",
			);
			name = "[CP] Check Pods Manifest.lock";
			outputFileListPaths = (
			);
			outputPaths = (
				"$(DERIVED_FILE_DIR)/Pods-flixster-checkManifestLockResult.txt",
			);
			runOnlyForDeploymentPostprocessing = 0;
			shellPath = /bin/sh;
			shellScript = "diff \"${PODS_PODFILE_DIR_PATH}/Podfile.lock\" \"${PODS_ROOT}/Manifest.lock\" > /dev/null\nif [ $? != 0 ] ; then\n    # print error to STDERR\n    echo \"error: The sandbox is not in sync with the Podfile.lock. Run 'pod install' or update your CocoaPods installation.\" >&2\n    exit 1\nfi\n# This output is used by Xcode 'outputs' to avoid re-running this script phase.\necho \"SUCCESS\" > \"${SCRIPT_OUTPUT_FILE_0}\"\n";
			showEnvVarsInLog = 0;
		};
		A8C34270EB297D9D0D616E68 /* [CP] Embed Pods Frameworks */ = {
			isa = PBXShellScriptBuildPhase;
			buildActionMask = 2147483647;
			files = (
			);
			inputFileListPaths = (
				"${PODS_ROOT}/Target Support Files/Pods-flixster/Pods-flixster-frameworks-${CONFIGURATION}-input-files.xcfilelist",
			);
			name = "[CP] Embed Pods Frameworks";
			outputFileListPaths = (
				"${PODS_ROOT}/Target Support Files/Pods-flixster/Pods-flixster-frameworks-${CONFIGURATION}-output-files.xcfilelist",
			);
			runOnlyForDeploymentPostprocessing = 0;
			shellPath = /bin/sh;
			shellScript = "\"${PODS_ROOT}/Target Support Files/Pods-flixster/Pods-flixster-frameworks.sh\"\n";
			showEnvVarsInLog = 0;
		};
		D5947C18A0D956B56DD4A4B2 /* [CP] Check Pods Manifest.lock */ = {
			isa = PBXShellScriptBuildPhase;
			buildActionMask = 2147483647;
			files = (
			);
			inputFileListPaths = (
			);
			inputPaths = (
				"${PODS_PODFILE_DIR_PATH}/Podfile.lock",
				"${PODS_ROOT}/Manifest.lock",
			);
			name = "[CP] Check Pods Manifest.lock";
			outputFileListPaths = (
			);
			outputPaths = (
				"$(DERIVED_FILE_DIR)/Pods-flixsterTests-checkManifestLockResult.txt",
			);
			runOnlyForDeploymentPostprocessing = 0;
			shellPath = /bin/sh;
			shellScript = "diff \"${PODS_PODFILE_DIR_PATH}/Podfile.lock\" \"${PODS_ROOT}/Manifest.lock\" > /dev/null\nif [ $? != 0 ] ; then\n    # print error to STDERR\n    echo \"error: The sandbox is not in sync with the Podfile.lock. Run 'pod install' or update your CocoaPods installation.\" >&2\n    exit 1\nfi\n# This output is used by Xcode 'outputs' to avoid re-running this script phase.\necho \"SUCCESS\" > \"${SCRIPT_OUTPUT_FILE_0}\"\n";
			showEnvVarsInLog = 0;
		};
		E35205D72C8981BF5BC0C90C /* [CP] Embed Pods Frameworks */ = {
			isa = PBXShellScriptBuildPhase;
			buildActionMask = 2147483647;
			files = (
			);
			inputFileListPaths = (
				"${PODS_ROOT}/Target Support Files/Pods-flixster-flixsterUITests/Pods-flixster-flixsterUITests-frameworks-${CONFIGURATION}-input-files.xcfilelist",
			);
			name = "[CP] Embed Pods Frameworks";
			outputFileListPaths = (
				"${PODS_ROOT}/Target Support Files/Pods-flixster-flixsterUITests/Pods-flixster-flixsterUITests-frameworks-${CONFIGURATION}-output-files.xcfilelist",
			);
			runOnlyForDeploymentPostprocessing = 0;
			shellPath = /bin/sh;
			shellScript = "\"${PODS_ROOT}/Target Support Files/Pods-flixster-flixsterUITests/Pods-flixster-flixsterUITests-frameworks.sh\"\n";
			showEnvVarsInLog = 0;
		};
/* End PBXShellScriptBuildPhase section */

/* Begin PBXSourcesBuildPhase section */
		A6BFD75C25C8D33B00D22759 /* Sources */ = {
			isa = PBXSourcesBuildPhase;
			buildActionMask = 2147483647;
			files = (
				A6BFD76425C8D33B00D22759 /* AppDelegate.swift in Sources */,
				A6BFD76625C8D33B00D22759 /* SceneDelegate.swift in Sources */,
				A6BFD79F25C8E01600D22759 /* MovieCell.swift in Sources */,
				A6BFD79A25C8D42500D22759 /* MoviesViewController.swift in Sources */,
			);
			runOnlyForDeploymentPostprocessing = 0;
		};
		A6BFD77225C8D34000D22759 /* Sources */ = {
			isa = PBXSourcesBuildPhase;
			buildActionMask = 2147483647;
			files = (
				A6BFD77B25C8D34000D22759 /* flixsterTests.swift in Sources */,
			);
			runOnlyForDeploymentPostprocessing = 0;
		};
		A6BFD77D25C8D34000D22759 /* Sources */ = {
			isa = PBXSourcesBuildPhase;
			buildActionMask = 2147483647;
			files = (
				A6BFD78625C8D34000D22759 /* flixsterUITests.swift in Sources */,
			);
			runOnlyForDeploymentPostprocessing = 0;
		};
/* End PBXSourcesBuildPhase section */

/* Begin PBXTargetDependency section */
		A6BFD77825C8D34000D22759 /* PBXTargetDependency */ = {
			isa = PBXTargetDependency;
			target = A6BFD75F25C8D33B00D22759 /* flixster */;
			targetProxy = A6BFD77725C8D34000D22759 /* PBXContainerItemProxy */;
		};
		A6BFD78325C8D34000D22759 /* PBXTargetDependency */ = {
			isa = PBXTargetDependency;
			target = A6BFD75F25C8D33B00D22759 /* flixster */;
			targetProxy = A6BFD78225C8D34000D22759 /* PBXContainerItemProxy */;
		};
/* End PBXTargetDependency section */

/* Begin PBXVariantGroup section */
		A6BFD76925C8D33B00D22759 /* Main.storyboard */ = {
			isa = PBXVariantGroup;
			children = (
				A6BFD76A25C8D33B00D22759 /* Base */,
			);
			name = Main.storyboard;
			sourceTree = "<group>";
		};
		A6BFD76E25C8D33F00D22759 /* LaunchScreen.storyboard */ = {
			isa = PBXVariantGroup;
			children = (
				A6BFD76F25C8D33F00D22759 /* Base */,
			);
			name = LaunchScreen.storyboard;
			sourceTree = "<group>";
		};
/* End PBXVariantGroup section */

/* Begin XCBuildConfiguration section */
		A6BFD78825C8D34000D22759 /* Debug */ = {
			isa = XCBuildConfiguration;
			buildSettings = {
				ALWAYS_SEARCH_USER_PATHS = NO;
				CLANG_ANALYZER_NONNULL = YES;
				CLANG_ANALYZER_NUMBER_OBJECT_CONVERSION = YES_AGGRESSIVE;
				CLANG_CXX_LANGUAGE_STANDARD = "gnu++14";
				CLANG_CXX_LIBRARY = "libc++";
				CLANG_ENABLE_MODULES = YES;
				CLANG_ENABLE_OBJC_ARC = YES;
				CLANG_ENABLE_OBJC_WEAK = YES;
				CLANG_WARN_BLOCK_CAPTURE_AUTORELEASING = YES;
				CLANG_WARN_BOOL_CONVERSION = YES;
				CLANG_WARN_COMMA = YES;
				CLANG_WARN_CONSTANT_CONVERSION = YES;
				CLANG_WARN_DEPRECATED_OBJC_IMPLEMENTATIONS = YES;
				CLANG_WARN_DIRECT_OBJC_ISA_USAGE = YES_ERROR;
				CLANG_WARN_DOCUMENTATION_COMMENTS = YES;
				CLANG_WARN_EMPTY_BODY = YES;
				CLANG_WARN_ENUM_CONVERSION = YES;
				CLANG_WARN_INFINITE_RECURSION = YES;
				CLANG_WARN_INT_CONVERSION = YES;
				CLANG_WARN_NON_LITERAL_NULL_CONVERSION = YES;
				CLANG_WARN_OBJC_IMPLICIT_RETAIN_SELF = YES;
				CLANG_WARN_OBJC_LITERAL_CONVERSION = YES;
				CLANG_WARN_OBJC_ROOT_CLASS = YES_ERROR;
				CLANG_WARN_QUOTED_INCLUDE_IN_FRAMEWORK_HEADER = YES;
				CLANG_WARN_RANGE_LOOP_ANALYSIS = YES;
				CLANG_WARN_STRICT_PROTOTYPES = YES;
				CLANG_WARN_SUSPICIOUS_MOVE = YES;
				CLANG_WARN_UNGUARDED_AVAILABILITY = YES_AGGRESSIVE;
				CLANG_WARN_UNREACHABLE_CODE = YES;
				CLANG_WARN__DUPLICATE_METHOD_MATCH = YES;
				COPY_PHASE_STRIP = NO;
				DEBUG_INFORMATION_FORMAT = dwarf;
				ENABLE_STRICT_OBJC_MSGSEND = YES;
				ENABLE_TESTABILITY = YES;
				GCC_C_LANGUAGE_STANDARD = gnu11;
				GCC_DYNAMIC_NO_PIC = NO;
				GCC_NO_COMMON_BLOCKS = YES;
				GCC_OPTIMIZATION_LEVEL = 0;
				GCC_PREPROCESSOR_DEFINITIONS = (
					"DEBUG=1",
					"$(inherited)",
				);
				GCC_WARN_64_TO_32_BIT_CONVERSION = YES;
				GCC_WARN_ABOUT_RETURN_TYPE = YES_ERROR;
				GCC_WARN_UNDECLARED_SELECTOR = YES;
				GCC_WARN_UNINITIALIZED_AUTOS = YES_AGGRESSIVE;
				GCC_WARN_UNUSED_FUNCTION = YES;
				GCC_WARN_UNUSED_VARIABLE = YES;
				IPHONEOS_DEPLOYMENT_TARGET = 14.3;
				MTL_ENABLE_DEBUG_INFO = INCLUDE_SOURCE;
				MTL_FAST_MATH = YES;
				ONLY_ACTIVE_ARCH = YES;
				SDKROOT = iphoneos;
				SWIFT_ACTIVE_COMPILATION_CONDITIONS = DEBUG;
				SWIFT_OPTIMIZATION_LEVEL = "-Onone";
			};
			name = Debug;
		};
		A6BFD78925C8D34000D22759 /* Release */ = {
			isa = XCBuildConfiguration;
			buildSettings = {
				ALWAYS_SEARCH_USER_PATHS = NO;
				CLANG_ANALYZER_NONNULL = YES;
				CLANG_ANALYZER_NUMBER_OBJECT_CONVERSION = YES_AGGRESSIVE;
				CLANG_CXX_LANGUAGE_STANDARD = "gnu++14";
				CLANG_CXX_LIBRARY = "libc++";
				CLANG_ENABLE_MODULES = YES;
				CLANG_ENABLE_OBJC_ARC = YES;
				CLANG_ENABLE_OBJC_WEAK = YES;
				CLANG_WARN_BLOCK_CAPTURE_AUTORELEASING = YES;
				CLANG_WARN_BOOL_CONVERSION = YES;
				CLANG_WARN_COMMA = YES;
				CLANG_WARN_CONSTANT_CONVERSION = YES;
				CLANG_WARN_DEPRECATED_OBJC_IMPLEMENTATIONS = YES;
				CLANG_WARN_DIRECT_OBJC_ISA_USAGE = YES_ERROR;
				CLANG_WARN_DOCUMENTATION_COMMENTS = YES;
				CLANG_WARN_EMPTY_BODY = YES;
				CLANG_WARN_ENUM_CONVERSION = YES;
				CLANG_WARN_INFINITE_RECURSION = YES;
				CLANG_WARN_INT_CONVERSION = YES;
				CLANG_WARN_NON_LITERAL_NULL_CONVERSION = YES;
				CLANG_WARN_OBJC_IMPLICIT_RETAIN_SELF = YES;
				CLANG_WARN_OBJC_LITERAL_CONVERSION = YES;
				CLANG_WARN_OBJC_ROOT_CLASS = YES_ERROR;
				CLANG_WARN_QUOTED_INCLUDE_IN_FRAMEWORK_HEADER = YES;
				CLANG_WARN_RANGE_LOOP_ANALYSIS = YES;
				CLANG_WARN_STRICT_PROTOTYPES = YES;
				CLANG_WARN_SUSPICIOUS_MOVE = YES;
				CLANG_WARN_UNGUARDED_AVAILABILITY = YES_AGGRESSIVE;
				CLANG_WARN_UNREACHABLE_CODE = YES;
				CLANG_WARN__DUPLICATE_METHOD_MATCH = YES;
				COPY_PHASE_STRIP = NO;
				DEBUG_INFORMATION_FORMAT = "dwarf-with-dsym";
				ENABLE_NS_ASSERTIONS = NO;
				ENABLE_STRICT_OBJC_MSGSEND = YES;
				GCC_C_LANGUAGE_STANDARD = gnu11;
				GCC_NO_COMMON_BLOCKS = YES;
				GCC_WARN_64_TO_32_BIT_CONVERSION = YES;
				GCC_WARN_ABOUT_RETURN_TYPE = YES_ERROR;
				GCC_WARN_UNDECLARED_SELECTOR = YES;
				GCC_WARN_UNINITIALIZED_AUTOS = YES_AGGRESSIVE;
				GCC_WARN_UNUSED_FUNCTION = YES;
				GCC_WARN_UNUSED_VARIABLE = YES;
				IPHONEOS_DEPLOYMENT_TARGET = 14.3;
				MTL_ENABLE_DEBUG_INFO = NO;
				MTL_FAST_MATH = YES;
				SDKROOT = iphoneos;
				SWIFT_COMPILATION_MODE = wholemodule;
				SWIFT_OPTIMIZATION_LEVEL = "-O";
				VALIDATE_PRODUCT = YES;
			};
			name = Release;
		};
		A6BFD78B25C8D34000D22759 /* Debug */ = {
			isa = XCBuildConfiguration;
			baseConfigurationReference = E617C16E40BDB97C8077F2F7 /* Pods-flixster.debug.xcconfig */;
			buildSettings = {
				ASSETCATALOG_COMPILER_APPICON_NAME = AppIcon;
				ASSETCATALOG_COMPILER_GLOBAL_ACCENT_COLOR_NAME = AccentColor;
				CODE_SIGN_STYLE = Automatic;
				INFOPLIST_FILE = flixster/Info.plist;
				LD_RUNPATH_SEARCH_PATHS = (
					"$(inherited)",
					"@executable_path/Frameworks",
				);
				PRODUCT_BUNDLE_IDENTIFIER = com.sidd.flixster.flixster;
				PRODUCT_NAME = "$(TARGET_NAME)";
				SWIFT_VERSION = 5.0;
				TARGETED_DEVICE_FAMILY = "1,2";
			};
			name = Debug;
		};
		A6BFD78C25C8D34000D22759 /* Release */ = {
			isa = XCBuildConfiguration;
			baseConfigurationReference = 3CC9CD6D7675003CCE4823D9 /* Pods-flixster.release.xcconfig */;
			buildSettings = {
				ASSETCATALOG_COMPILER_APPICON_NAME = AppIcon;
				ASSETCATALOG_COMPILER_GLOBAL_ACCENT_COLOR_NAME = AccentColor;
				CODE_SIGN_STYLE = Automatic;
				INFOPLIST_FILE = flixster/Info.plist;
				LD_RUNPATH_SEARCH_PATHS = (
					"$(inherited)",
					"@executable_path/Frameworks",
				);
				PRODUCT_BUNDLE_IDENTIFIER = com.sidd.flixster.flixster;
				PRODUCT_NAME = "$(TARGET_NAME)";
				SWIFT_VERSION = 5.0;
				TARGETED_DEVICE_FAMILY = "1,2";
			};
			name = Release;
		};
		A6BFD78E25C8D34000D22759 /* Debug */ = {
			isa = XCBuildConfiguration;
			baseConfigurationReference = 0F166E81F096C33B3CD6699E /* Pods-flixsterTests.debug.xcconfig */;
			buildSettings = {
				ALWAYS_EMBED_SWIFT_STANDARD_LIBRARIES = YES;
				BUNDLE_LOADER = "$(TEST_HOST)";
				CODE_SIGN_STYLE = Automatic;
				INFOPLIST_FILE = flixsterTests/Info.plist;
				IPHONEOS_DEPLOYMENT_TARGET = 14.3;
				LD_RUNPATH_SEARCH_PATHS = (
					"$(inherited)",
					"@executable_path/Frameworks",
					"@loader_path/Frameworks",
				);
				PRODUCT_BUNDLE_IDENTIFIER = com.sidd.flixster.flixsterTests;
				PRODUCT_NAME = "$(TARGET_NAME)";
				SWIFT_VERSION = 5.0;
				TARGETED_DEVICE_FAMILY = "1,2";
				TEST_HOST = "$(BUILT_PRODUCTS_DIR)/flixster.app/flixster";
			};
			name = Debug;
		};
		A6BFD78F25C8D34000D22759 /* Release */ = {
			isa = XCBuildConfiguration;
			baseConfigurationReference = 889935FC7BF379A308048C88 /* Pods-flixsterTests.release.xcconfig */;
			buildSettings = {
				ALWAYS_EMBED_SWIFT_STANDARD_LIBRARIES = YES;
				BUNDLE_LOADER = "$(TEST_HOST)";
				CODE_SIGN_STYLE = Automatic;
				INFOPLIST_FILE = flixsterTests/Info.plist;
				IPHONEOS_DEPLOYMENT_TARGET = 14.3;
				LD_RUNPATH_SEARCH_PATHS = (
					"$(inherited)",
					"@executable_path/Frameworks",
					"@loader_path/Frameworks",
				);
				PRODUCT_BUNDLE_IDENTIFIER = com.sidd.flixster.flixsterTests;
				PRODUCT_NAME = "$(TARGET_NAME)";
				SWIFT_VERSION = 5.0;
				TARGETED_DEVICE_FAMILY = "1,2";
				TEST_HOST = "$(BUILT_PRODUCTS_DIR)/flixster.app/flixster";
			};
			name = Release;
		};
		A6BFD79125C8D34000D22759 /* Debug */ = {
			isa = XCBuildConfiguration;
			baseConfigurationReference = E9CFC15F2E326876CD0CC408 /* Pods-flixster-flixsterUITests.debug.xcconfig */;
			buildSettings = {
				ALWAYS_EMBED_SWIFT_STANDARD_LIBRARIES = YES;
				CODE_SIGN_STYLE = Automatic;
				INFOPLIST_FILE = flixsterUITests/Info.plist;
				LD_RUNPATH_SEARCH_PATHS = (
					"$(inherited)",
					"@executable_path/Frameworks",
					"@loader_path/Frameworks",
				);
				PRODUCT_BUNDLE_IDENTIFIER = com.sidd.flixster.flixsterUITests;
				PRODUCT_NAME = "$(TARGET_NAME)";
				SWIFT_VERSION = 5.0;
				TARGETED_DEVICE_FAMILY = "1,2";
				TEST_TARGET_NAME = flixster;
			};
			name = Debug;
		};
		A6BFD79225C8D34000D22759 /* Release */ = {
			isa = XCBuildConfiguration;
			baseConfigurationReference = AB71ADAECA54C8F9EE3044FC /* Pods-flixster-flixsterUITests.release.xcconfig */;
			buildSettings = {
				ALWAYS_EMBED_SWIFT_STANDARD_LIBRARIES = YES;
				CODE_SIGN_STYLE = Automatic;
				INFOPLIST_FILE = flixsterUITests/Info.plist;
				LD_RUNPATH_SEARCH_PATHS = (
					"$(inherited)",
					"@executable_path/Frameworks",
					"@loader_path/Frameworks",
				);
				PRODUCT_BUNDLE_IDENTIFIER = com.sidd.flixster.flixsterUITests;
				PRODUCT_NAME = "$(TARGET_NAME)";
				SWIFT_VERSION = 5.0;
				TARGETED_DEVICE_FAMILY = "1,2";
				TEST_TARGET_NAME = flixster;
			};
			name = Release;
		};
/* End XCBuildConfiguration section */

/* Begin XCConfigurationList section */
		A6BFD75B25C8D33B00D22759 /* Build configuration list for PBXProject "flixster" */ = {
			isa = XCConfigurationList;
			buildConfigurations = (
				A6BFD78825C8D34000D22759 /* Debug */,
				A6BFD78925C8D34000D22759 /* Release */,
			);
			defaultConfigurationIsVisible = 0;
			defaultConfigurationName = Release;
		};
		A6BFD78A25C8D34000D22759 /* Build configuration list for PBXNativeTarget "flixster" */ = {
			isa = XCConfigurationList;
			buildConfigurations = (
				A6BFD78B25C8D34000D22759 /* Debug */,
				A6BFD78C25C8D34000D22759 /* Release */,
			);
			defaultConfigurationIsVisible = 0;
			defaultConfigurationName = Release;
		};
		A6BFD78D25C8D34000D22759 /* Build configuration list for PBXNativeTarget "flixsterTests" */ = {
			isa = XCConfigurationList;
			buildConfigurations = (
				A6BFD78E25C8D34000D22759 /* Debug */,
				A6BFD78F25C8D34000D22759 /* Release */,
			);
			defaultConfigurationIsVisible = 0;
			defaultConfigurationName = Release;
		};
		A6BFD79025C8D34000D22759 /* Build configuration list for PBXNativeTarget "flixsterUITests" */ = {
			isa = XCConfigurationList;
			buildConfigurations = (
				A6BFD79125C8D34000D22759 /* Debug */,
				A6BFD79225C8D34000D22759 /* Release */,
			);
			defaultConfigurationIsVisible = 0;
			defaultConfigurationName = Release;
		};
/* End XCConfigurationList section */
	};
	rootObject = A6BFD75825C8D33B00D22759 /* Project object */;
}
